// !$*UTF8*$!
{
	archiveVersion = 1;
	classes = {
	};
	objectVersion = 77;
	objects = {

/* Begin PBXBuildFile section */
		E855F8C72F414F6300A20A2C /* backend_coreml in Frameworks */ = {isa = PBXBuildFile; productRef = E855F8C62F414F6300A20A2C /* backend_coreml */; };
		E855F8CB2F414F6300A20A2C /* backend_mps in Frameworks */ = {isa = PBXBuildFile; productRef = E855F8CA2F414F6300A20A2C /* backend_mps */; };
		E855F8CF2F414F6300A20A2C /* backend_xnnpack in Frameworks */ = {isa = PBXBuildFile; productRef = E855F8CE2F414F6300A20A2C /* backend_xnnpack */; };
		E855F8D32F414F6300A20A2C /* executorch in Frameworks */ = {isa = PBXBuildFile; productRef = E855F8D22F414F6300A20A2C /* executorch */; };
		E855F8D72F414F6300A20A2C /* executorch_llm in Frameworks */ = {isa = PBXBuildFile; productRef = E855F8D62F414F6300A20A2C /* executorch_llm */; };
		E855F8DB2F414F6300A20A2C /* kernels_llm in Frameworks */ = {isa = PBXBuildFile; productRef = E855F8DA2F414F6300A20A2C /* kernels_llm */; };
		E855F8DF2F414F6300A20A2C /* kernels_optimized in Frameworks */ = {isa = PBXBuildFile; productRef = E855F8DE2F414F6300A20A2C /* kernels_optimized */; };
		E855F8E32F414F6300A20A2C /* kernels_quantized in Frameworks */ = {isa = PBXBuildFile; productRef = E855F8E22F414F6300A20A2C /* kernels_quantized */; };
		E855F8E72F414F6300A20A2C /* kernels_torchao in Frameworks */ = {isa = PBXBuildFile; productRef = E855F8E62F414F6300A20A2C /* kernels_torchao */; };
/* End PBXBuildFile section */

/* Begin PBXContainerItemProxy section */
		E855F7C12F412A0300A20A2C /* PBXContainerItemProxy */ = {
			isa = PBXContainerItemProxy;
			containerPortal = E855F7A92F412A0100A20A2C /* Project object */;
			proxyType = 1;
			remoteGlobalIDString = E855F7B02F412A0100A20A2C;
			remoteInfo = myScript;
		};
		E855F7CB2F412A0300A20A2C /* PBXContainerItemProxy */ = {
			isa = PBXContainerItemProxy;
			containerPortal = E855F7A92F412A0100A20A2C /* Project object */;
			proxyType = 1;
			remoteGlobalIDString = E855F7B02F412A0100A20A2C;
			remoteInfo = myScript;
		};
/* End PBXContainerItemProxy section */

/* Begin PBXFileReference section */
		E855F7B12F412A0100A20A2C /* myScript.app */ = {isa = PBXFileReference; explicitFileType = wrapper.application; includeInIndex = 0; path = myScript.app; sourceTree = BUILT_PRODUCTS_DIR; };
		E855F7C02F412A0300A20A2C /* myScriptTests.xctest */ = {isa = PBXFileReference; explicitFileType = wrapper.cfbundle; includeInIndex = 0; path = myScriptTests.xctest; sourceTree = BUILT_PRODUCTS_DIR; };
		E855F7CA2F412A0300A20A2C /* myScriptUITests.xctest */ = {isa = PBXFileReference; explicitFileType = wrapper.cfbundle; includeInIndex = 0; path = myScriptUITests.xctest; sourceTree = BUILT_PRODUCTS_DIR; };
		E855F7DD2F412A0900A20A2C /* README.md */ = {isa = PBXFileReference; lastKnownFileType = sourcecode.swift; path = README.md; sourceTree = "<group>"; };
/* End PBXFileReference section */

/* Begin PBXFileSystemSynchronizedRootGroup section */
		E855F7B32F412A0100A20A2C /* myScript */ = {
			isa = PBXFileSystemSynchronizedRootGroup;
			path = myScript;
			sourceTree = "<group>";
		};
		E855F7C32F412A0300A20A2C /* myScriptTests */ = {
			isa = PBXFileSystemSynchronizedRootGroup;
			path = myScriptTests;
			sourceTree = "<group>";
		};
		E855F7CD2F412A0300A20A2C /* myScriptUITests */ = {
			isa = PBXFileSystemSynchronizedRootGroup;
			path = myScriptUITests;
			sourceTree = "<group>";
		};
/* End PBXFileSystemSynchronizedRootGroup section */

/* Begin PBXFrameworksBuildPhase section */
		E855F7AE2F412A0100A20A2C /* Frameworks */ = {
			isa = PBXFrameworksBuildPhase;
			buildActionMask = 2147483647;
			files = (
				E855F8D32F414F6300A20A2C /* executorch in Frameworks */,
				E855F8D72F414F6300A20A2C /* executorch_llm in Frameworks */,
				E855F8C72F414F6300A20A2C /* backend_coreml in Frameworks */,
				E855F8CB2F414F6300A20A2C /* backend_mps in Frameworks */,
				E855F8CF2F414F6300A20A2C /* backend_xnnpack in Frameworks */,
				E855F8DB2F414F6300A20A2C /* kernels_llm in Frameworks */,
				E855F8DF2F414F6300A20A2C /* kernels_optimized in Frameworks */,
				E855F8E32F414F6300A20A2C /* kernels_quantized in Frameworks */,
				E855F8E72F414F6300A20A2C /* kernels_torchao in Frameworks */,
			);
			runOnlyForDeploymentPostprocessing = 0;
		};
		E855F7BD2F412A0300A20A2C /* Frameworks */ = {
			isa = PBXFrameworksBuildPhase;
			buildActionMask = 2147483647;
			files = (
			);
			runOnlyForDeploymentPostprocessing = 0;
		};
		E855F7C72F412A0300A20A2C /* Frameworks */ = {
			isa = PBXFrameworksBuildPhase;
			buildActionMask = 2147483647;
			files = (
			);
			runOnlyForDeploymentPostprocessing = 0;
		};
/* End PBXFrameworksBuildPhase section */

/* Begin PBXGroup section */
		E855F7A82F412A0100A20A2C = {
			isa = PBXGroup;
			children = (
				E855F7DD2F412A0900A20A2C /* README.md */,
				E855F7B32F412A0100A20A2C /* myScript */,
				E855F7C32F412A0300A20A2C /* myScriptTests */,
				E855F7CD2F412A0300A20A2C /* myScriptUITests */,
				E855F7B22F412A0100A20A2C /* Products */,
			);
			sourceTree = "<group>";
		};
		E855F7B22F412A0100A20A2C /* Products */ = {
			isa = PBXGroup;
			children = (
				E855F7B12F412A0100A20A2C /* myScript.app */,
				E855F7C02F412A0300A20A2C /* myScriptTests.xctest */,
				E855F7CA2F412A0300A20A2C /* myScriptUITests.xctest */,
			);
			name = Products;
			sourceTree = "<group>";
		};
/* End PBXGroup section */

/* Begin PBXNativeTarget section */
		E855F7B02F412A0100A20A2C /* myScript */ = {
			isa = PBXNativeTarget;
			buildConfigurationList = E855F7D42F412A0300A20A2C /* Build configuration list for PBXNativeTarget "myScript" */;
			buildPhases = (
				E855F7AD2F412A0100A20A2C /* Sources */,
				E855F7AE2F412A0100A20A2C /* Frameworks */,
				E855F7AF2F412A0100A20A2C /* Resources */,
			);
			buildRules = (
			);
			dependencies = (
			);
			fileSystemSynchronizedGroups = (
				E855F7B32F412A0100A20A2C /* myScript */,
			);
			name = myScript;
			packageProductDependencies = (
				E855F8C62F414F6300A20A2C /* backend_coreml */,
				E855F8CA2F414F6300A20A2C /* backend_mps */,
				E855F8CE2F414F6300A20A2C /* backend_xnnpack */,
				E855F8D22F414F6300A20A2C /* executorch */,
				E855F8D62F414F6300A20A2C /* executorch_llm */,
				E855F8DA2F414F6300A20A2C /* kernels_llm */,
				E855F8DE2F414F6300A20A2C /* kernels_optimized */,
				E855F8E22F414F6300A20A2C /* kernels_quantized */,
				E855F8E62F414F6300A20A2C /* kernels_torchao */,
			);
			productName = myScript;
			productReference = E855F7B12F412A0100A20A2C /* myScript.app */;
			productType = "com.apple.product-type.application";
		};
		E855F7BF2F412A0300A20A2C /* myScriptTests */ = {
			isa = PBXNativeTarget;
			buildConfigurationList = E855F7D72F412A0300A20A2C /* Build configuration list for PBXNativeTarget "myScriptTests" */;
			buildPhases = (
				E855F7BC2F412A0300A20A2C /* Sources */,
				E855F7BD2F412A0300A20A2C /* Frameworks */,
				E855F7BE2F412A0300A20A2C /* Resources */,
			);
			buildRules = (
			);
			dependencies = (
				E855F7C22F412A0300A20A2C /* PBXTargetDependency */,
			);
			fileSystemSynchronizedGroups = (
				E855F7C32F412A0300A20A2C /* myScriptTests */,
			);
			name = myScriptTests;
			packageProductDependencies = (
			);
			productName = myScriptTests;
			productReference = E855F7C02F412A0300A20A2C /* myScriptTests.xctest */;
			productType = "com.apple.product-type.bundle.unit-test";
		};
		E855F7C92F412A0300A20A2C /* myScriptUITests */ = {
			isa = PBXNativeTarget;
			buildConfigurationList = E855F7DA2F412A0300A20A2C /* Build configuration list for PBXNativeTarget "myScriptUITests" */;
			buildPhases = (
				E855F7C62F412A0300A20A2C /* Sources */,
				E855F7C72F412A0300A20A2C /* Frameworks */,
				E855F7C82F412A0300A20A2C /* Resources */,
			);
			buildRules = (
			);
			dependencies = (
				E855F7CC2F412A0300A20A2C /* PBXTargetDependency */,
			);
			fileSystemSynchronizedGroups = (
				E855F7CD2F412A0300A20A2C /* myScriptUITests */,
			);
			name = myScriptUITests;
			packageProductDependencies = (
			);
			productName = myScriptUITests;
			productReference = E855F7CA2F412A0300A20A2C /* myScriptUITests.xctest */;
			productType = "com.apple.product-type.bundle.ui-testing";
		};
/* End PBXNativeTarget section */

/* Begin PBXProject section */
		E855F7A92F412A0100A20A2C /* Project object */ = {
			isa = PBXProject;
			attributes = {
				BuildIndependentTargetsInParallel = 1;
				LastSwiftUpdateCheck = 2600;
				LastUpgradeCheck = 2600;
				TargetAttributes = {
					E855F7B02F412A0100A20A2C = {
						CreatedOnToolsVersion = 26.0.1;
					};
					E855F7BF2F412A0300A20A2C = {
						CreatedOnToolsVersion = 26.0.1;
						TestTargetID = E855F7B02F412A0100A20A2C;
					};
					E855F7C92F412A0300A20A2C = {
						CreatedOnToolsVersion = 26.0.1;
						TestTargetID = E855F7B02F412A0100A20A2C;
					};
				};
			};
			buildConfigurationList = E855F7AC2F412A0100A20A2C /* Build configuration list for PBXProject "myScript" */;
			developmentRegion = en;
			hasScannedForEncodings = 0;
			knownRegions = (
				en,
				Base,
			);
			mainGroup = E855F7A82F412A0100A20A2C;
			minimizedProjectReferenceProxies = 1;
			packageReferences = (
				E855F8C52F414F6300A20A2C /* XCRemoteSwiftPackageReference "executorch" */,
			);
			preferredProjectObjectVersion = 77;
			productRefGroup = E855F7B22F412A0100A20A2C /* Products */;
			projectDirPath = "";
			projectRoot = "";
			targets = (
				E855F7B02F412A0100A20A2C /* myScript */,
				E855F7BF2F412A0300A20A2C /* myScriptTests */,
				E855F7C92F412A0300A20A2C /* myScriptUITests */,
			);
		};
/* End PBXProject section */

/* Begin PBXResourcesBuildPhase section */
		E855F7AF2F412A0100A20A2C /* Resources */ = {
			isa = PBXResourcesBuildPhase;
			buildActionMask = 2147483647;
			files = (
			);
			runOnlyForDeploymentPostprocessing = 0;
		};
		E855F7BE2F412A0300A20A2C /* Resources */ = {
			isa = PBXResourcesBuildPhase;
			buildActionMask = 2147483647;
			files = (
			);
			runOnlyForDeploymentPostprocessing = 0;
		};
		E855F7C82F412A0300A20A2C /* Resources */ = {
			isa = PBXResourcesBuildPhase;
			buildActionMask = 2147483647;
			files = (
			);
			runOnlyForDeploymentPostprocessing = 0;
		};
/* End PBXResourcesBuildPhase section */

/* Begin PBXSourcesBuildPhase section */
		E855F7AD2F412A0100A20A2C /* Sources */ = {
			isa = PBXSourcesBuildPhase;
			buildActionMask = 2147483647;
			files = (
			);
			runOnlyForDeploymentPostprocessing = 0;
		};
		E855F7BC2F412A0300A20A2C /* Sources */ = {
			isa = PBXSourcesBuildPhase;
			buildActionMask = 2147483647;
			files = (
			);
			runOnlyForDeploymentPostprocessing = 0;
		};
		E855F7C62F412A0300A20A2C /* Sources */ = {
			isa = PBXSourcesBuildPhase;
			buildActionMask = 2147483647;
			files = (
			);
			runOnlyForDeploymentPostprocessing = 0;
		};
/* End PBXSourcesBuildPhase section */

/* Begin PBXTargetDependency section */
		E855F7C22F412A0300A20A2C /* PBXTargetDependency */ = {
			isa = PBXTargetDependency;
			target = E855F7B02F412A0100A20A2C /* myScript */;
			targetProxy = E855F7C12F412A0300A20A2C /* PBXContainerItemProxy */;
		};
		E855F7CC2F412A0300A20A2C /* PBXTargetDependency */ = {
			isa = PBXTargetDependency;
			target = E855F7B02F412A0100A20A2C /* myScript */;
			targetProxy = E855F7CB2F412A0300A20A2C /* PBXContainerItemProxy */;
		};
/* End PBXTargetDependency section */

/* Begin XCBuildConfiguration section */
		E855F7D22F412A0300A20A2C /* Debug */ = {
			isa = XCBuildConfiguration;
			buildSettings = {
				ALWAYS_SEARCH_USER_PATHS = NO;
				ASSETCATALOG_COMPILER_GENERATE_SWIFT_ASSET_SYMBOL_EXTENSIONS = YES;
				CLANG_ANALYZER_NONNULL = YES;
				CLANG_ANALYZER_NUMBER_OBJECT_CONVERSION = YES_AGGRESSIVE;
				CLANG_CXX_LANGUAGE_STANDARD = "gnu++20";
				CLANG_ENABLE_MODULES = YES;
				CLANG_ENABLE_OBJC_ARC = YES;
				CLANG_ENABLE_OBJC_WEAK = YES;
				CLANG_WARN_BLOCK_CAPTURE_AUTORELEASING = YES;
				CLANG_WARN_BOOL_CONVERSION = YES;
				CLANG_WARN_COMMA = YES;
				CLANG_WARN_CONSTANT_CONVERSION = YES;
				CLANG_WARN_DEPRECATED_OBJC_IMPLEMENTATIONS = YES;
				CLANG_WARN_DIRECT_OBJC_ISA_USAGE = YES_ERROR;
				CLANG_WARN_DOCUMENTATION_COMMENTS = YES;
				CLANG_WARN_EMPTY_BODY = YES;
				CLANG_WARN_ENUM_CONVERSION = YES;
				CLANG_WARN_INFINITE_RECURSION = YES;
				CLANG_WARN_INT_CONVERSION = YES;
				CLANG_WARN_NON_LITERAL_NULL_CONVERSION = YES;
				CLANG_WARN_OBJC_IMPLICIT_RETAIN_SELF = YES;
				CLANG_WARN_OBJC_LITERAL_CONVERSION = YES;
				CLANG_WARN_OBJC_ROOT_CLASS = YES_ERROR;
				CLANG_WARN_QUOTED_INCLUDE_IN_FRAMEWORK_HEADER = YES;
				CLANG_WARN_RANGE_LOOP_ANALYSIS = YES;
				CLANG_WARN_STRICT_PROTOTYPES = YES;
				CLANG_WARN_SUSPICIOUS_MOVE = YES;
				CLANG_WARN_UNGUARDED_AVAILABILITY = YES_AGGRESSIVE;
				CLANG_WARN_UNREACHABLE_CODE = YES;
				CLANG_WARN__DUPLICATE_METHOD_MATCH = YES;
				COPY_PHASE_STRIP = NO;
				DEBUG_INFORMATION_FORMAT = dwarf;
				DEVELOPMENT_TEAM = 9QA9K4TQ94;
				ENABLE_STRICT_OBJC_MSGSEND = YES;
				ENABLE_TESTABILITY = YES;
				ENABLE_USER_SCRIPT_SANDBOXING = YES;
				GCC_C_LANGUAGE_STANDARD = gnu17;
				GCC_DYNAMIC_NO_PIC = NO;
				GCC_NO_COMMON_BLOCKS = YES;
				GCC_OPTIMIZATION_LEVEL = 0;
				GCC_PREPROCESSOR_DEFINITIONS = (
					"DEBUG=1",
					"$(inherited)",
				);
				GCC_WARN_64_TO_32_BIT_CONVERSION = YES;
				GCC_WARN_ABOUT_RETURN_TYPE = YES_ERROR;
				GCC_WARN_UNDECLARED_SELECTOR = YES;
				GCC_WARN_UNINITIALIZED_AUTOS = YES_AGGRESSIVE;
				GCC_WARN_UNUSED_FUNCTION = YES;
				GCC_WARN_UNUSED_VARIABLE = YES;
				LOCALIZATION_PREFERS_STRING_CATALOGS = YES;
				MACOSX_DEPLOYMENT_TARGET = 26.0;
				MTL_ENABLE_DEBUG_INFO = INCLUDE_SOURCE;
				MTL_FAST_MATH = YES;
				ONLY_ACTIVE_ARCH = YES;
				SDKROOT = macosx;
				SWIFT_ACTIVE_COMPILATION_CONDITIONS = "DEBUG $(inherited)";
				SWIFT_OPTIMIZATION_LEVEL = "-Onone";
			};
			name = Debug;
		};
		E855F7D32F412A0300A20A2C /* Release */ = {
			isa = XCBuildConfiguration;
			buildSettings = {
				ALWAYS_SEARCH_USER_PATHS = NO;
				ASSETCATALOG_COMPILER_GENERATE_SWIFT_ASSET_SYMBOL_EXTENSIONS = YES;
				CLANG_ANALYZER_NONNULL = YES;
				CLANG_ANALYZER_NUMBER_OBJECT_CONVERSION = YES_AGGRESSIVE;
				CLANG_CXX_LANGUAGE_STANDARD = "gnu++20";
				CLANG_ENABLE_MODULES = YES;
				CLANG_ENABLE_OBJC_ARC = YES;
				CLANG_ENABLE_OBJC_WEAK = YES;
				CLANG_WARN_BLOCK_CAPTURE_AUTORELEASING = YES;
				CLANG_WARN_BOOL_CONVERSION = YES;
				CLANG_WARN_COMMA = YES;
				CLANG_WARN_CONSTANT_CONVERSION = YES;
				CLANG_WARN_DEPRECATED_OBJC_IMPLEMENTATIONS = YES;
				CLANG_WARN_DIRECT_OBJC_ISA_USAGE = YES_ERROR;
				CLANG_WARN_DOCUMENTATION_COMMENTS = YES;
				CLANG_WARN_EMPTY_BODY = YES;
				CLANG_WARN_ENUM_CONVERSION = YES;
				CLANG_WARN_INFINITE_RECURSION = YES;
				CLANG_WARN_INT_CONVERSION = YES;
				CLANG_WARN_NON_LITERAL_NULL_CONVERSION = YES;
				CLANG_WARN_OBJC_IMPLICIT_RETAIN_SELF = YES;
				CLANG_WARN_OBJC_LITERAL_CONVERSION = YES;
				CLANG_WARN_OBJC_ROOT_CLASS = YES_ERROR;
				CLANG_WARN_QUOTED_INCLUDE_IN_FRAMEWORK_HEADER = YES;
				CLANG_WARN_RANGE_LOOP_ANALYSIS = YES;
				CLANG_WARN_STRICT_PROTOTYPES = YES;
				CLANG_WARN_SUSPICIOUS_MOVE = YES;
				CLANG_WARN_UNGUARDED_AVAILABILITY = YES_AGGRESSIVE;
				CLANG_WARN_UNREACHABLE_CODE = YES;
				CLANG_WARN__DUPLICATE_METHOD_MATCH = YES;
				COPY_PHASE_STRIP = NO;
				DEBUG_INFORMATION_FORMAT = "dwarf-with-dsym";
				DEVELOPMENT_TEAM = 9QA9K4TQ94;
				ENABLE_NS_ASSERTIONS = NO;
				ENABLE_STRICT_OBJC_MSGSEND = YES;
				ENABLE_USER_SCRIPT_SANDBOXING = YES;
				GCC_C_LANGUAGE_STANDARD = gnu17;
				GCC_NO_COMMON_BLOCKS = YES;
				GCC_WARN_64_TO_32_BIT_CONVERSION = YES;
				GCC_WARN_ABOUT_RETURN_TYPE = YES_ERROR;
				GCC_WARN_UNDECLARED_SELECTOR = YES;
				GCC_WARN_UNINITIALIZED_AUTOS = YES_AGGRESSIVE;
				GCC_WARN_UNUSED_FUNCTION = YES;
				GCC_WARN_UNUSED_VARIABLE = YES;
				LOCALIZATION_PREFERS_STRING_CATALOGS = YES;
				MACOSX_DEPLOYMENT_TARGET = 26.0;
				MTL_ENABLE_DEBUG_INFO = NO;
				MTL_FAST_MATH = YES;
				SDKROOT = macosx;
				SWIFT_COMPILATION_MODE = wholemodule;
			};
			name = Release;
		};
		E855F7D52F412A0300A20A2C /* Debug */ = {
			isa = XCBuildConfiguration;
			buildSettings = {
				ASSETCATALOG_COMPILER_APPICON_NAME = AppIcon;
				ASSETCATALOG_COMPILER_GLOBAL_ACCENT_COLOR_NAME = AccentColor;
				CODE_SIGN_ENTITLEMENTS = myScript/myScript.entitlements;
				CODE_SIGN_STYLE = Automatic;
				COMBINE_HIDPI_IMAGES = YES;
				CURRENT_PROJECT_VERSION = 1;
				DEVELOPMENT_TEAM = 9QA9K4TQ94;
				ENABLE_APP_SANDBOX = NO;
				ENABLE_HARDENED_RUNTIME = YES;
				ENABLE_PREVIEWS = YES;
				GENERATE_INFOPLIST_FILE = YES;
				INFOPLIST_KEY_NSHumanReadableCopyright = "";
				INFOPLIST_KEY_NSMicrophoneUsageDescription = "myScript needs microphone access to transcribe meeting audio in real-time.";
				LD_RUNPATH_SEARCH_PATHS = (
					"$(inherited)",
					"@executable_path/../Frameworks",
				);
				MARKETING_VERSION = 1.0;
				OTHER_LDFLAGS = "-all_load";
				PRODUCT_BUNDLE_IDENTIFIER = com.kirillpav.myScript;
				PRODUCT_NAME = "$(TARGET_NAME)";
				REGISTER_APP_GROUPS = YES;
				STRING_CATALOG_GENERATE_SYMBOLS = YES;
				SWIFT_APPROACHABLE_CONCURRENCY = YES;
				SWIFT_DEFAULT_ACTOR_ISOLATION = MainActor;
				SWIFT_EMIT_LOC_STRINGS = YES;
				SWIFT_UPCOMING_FEATURE_MEMBER_IMPORT_VISIBILITY = YES;
				SWIFT_VERSION = 5.0;
			};
			name = Debug;
		};
		E855F7D62F412A0300A20A2C /* Release */ = {
			isa = XCBuildConfiguration;
			buildSettings = {
				ASSETCATALOG_COMPILER_APPICON_NAME = AppIcon;
				ASSETCATALOG_COMPILER_GLOBAL_ACCENT_COLOR_NAME = AccentColor;
				CODE_SIGN_ENTITLEMENTS = myScript/myScript.entitlements;
				CODE_SIGN_STYLE = Automatic;
				COMBINE_HIDPI_IMAGES = YES;
				CURRENT_PROJECT_VERSION = 1;
				DEVELOPMENT_TEAM = 9QA9K4TQ94;
				ENABLE_APP_SANDBOX = NO;
				ENABLE_HARDENED_RUNTIME = YES;
				ENABLE_PREVIEWS = YES;
				GENERATE_INFOPLIST_FILE = YES;
				INFOPLIST_KEY_NSHumanReadableCopyright = "";
				INFOPLIST_KEY_NSMicrophoneUsageDescription = "myScript needs microphone access to transcribe meeting audio in real-time.";
				LD_RUNPATH_SEARCH_PATHS = (
					"$(inherited)",
					"@executable_path/../Frameworks",
				);
				MARKETING_VERSION = 1.0;
				OTHER_LDFLAGS = "-all_load";
				PRODUCT_BUNDLE_IDENTIFIER = com.kirillpav.myScript;
				PRODUCT_NAME = "$(TARGET_NAME)";
				REGISTER_APP_GROUPS = YES;
				STRING_CATALOG_GENERATE_SYMBOLS = YES;
				SWIFT_APPROACHABLE_CONCURRENCY = YES;
				SWIFT_DEFAULT_ACTOR_ISOLATION = MainActor;
				SWIFT_EMIT_LOC_STRINGS = YES;
				SWIFT_UPCOMING_FEATURE_MEMBER_IMPORT_VISIBILITY = YES;
				SWIFT_VERSION = 5.0;
			};
			name = Release;
		};
		E855F7D82F412A0300A20A2C /* Debug */ = {
			isa = XCBuildConfiguration;
			buildSettings = {
				BUNDLE_LOADER = "$(TEST_HOST)";
				CODE_SIGN_STYLE = Automatic;
				CURRENT_PROJECT_VERSION = 1;
				DEVELOPMENT_TEAM = 9QA9K4TQ94;
				GENERATE_INFOPLIST_FILE = YES;
				MACOSX_DEPLOYMENT_TARGET = 26.0;
				MARKETING_VERSION = 1.0;
				PRODUCT_BUNDLE_IDENTIFIER = com.kirillpav.myScriptTests;
				PRODUCT_NAME = "$(TARGET_NAME)";
				STRING_CATALOG_GENERATE_SYMBOLS = NO;
				SWIFT_APPROACHABLE_CONCURRENCY = YES;
				SWIFT_EMIT_LOC_STRINGS = NO;
				SWIFT_UPCOMING_FEATURE_MEMBER_IMPORT_VISIBILITY = YES;
				SWIFT_VERSION = 5.0;
				TEST_HOST = "$(BUILT_PRODUCTS_DIR)/myScript.app/$(BUNDLE_EXECUTABLE_FOLDER_PATH)/myScript";
			};
			name = Debug;
		};
		E855F7D92F412A0300A20A2C /* Release */ = {
			isa = XCBuildConfiguration;
			buildSettings = {
				BUNDLE_LOADER = "$(TEST_HOST)";
				CODE_SIGN_STYLE = Automatic;
				CURRENT_PROJECT_VERSION = 1;
				DEVELOPMENT_TEAM = 9QA9K4TQ94;
				GENERATE_INFOPLIST_FILE = YES;
				MACOSX_DEPLOYMENT_TARGET = 26.0;
				MARKETING_VERSION = 1.0;
				PRODUCT_BUNDLE_IDENTIFIER = com.kirillpav.myScriptTests;
				PRODUCT_NAME = "$(TARGET_NAME)";
				STRING_CATALOG_GENERATE_SYMBOLS = NO;
				SWIFT_APPROACHABLE_CONCURRENCY = YES;
				SWIFT_EMIT_LOC_STRINGS = NO;
				SWIFT_UPCOMING_FEATURE_MEMBER_IMPORT_VISIBILITY = YES;
				SWIFT_VERSION = 5.0;
				TEST_HOST = "$(BUILT_PRODUCTS_DIR)/myScript.app/$(BUNDLE_EXECUTABLE_FOLDER_PATH)/myScript";
			};
			name = Release;
		};
		E855F7DB2F412A0300A20A2C /* Debug */ = {
			isa = XCBuildConfiguration;
			buildSettings = {
				CODE_SIGN_STYLE = Automatic;
				CURRENT_PROJECT_VERSION = 1;
				DEVELOPMENT_TEAM = 9QA9K4TQ94;
				GENERATE_INFOPLIST_FILE = YES;
				MARKETING_VERSION = 1.0;
				PRODUCT_BUNDLE_IDENTIFIER = com.kirillpav.myScriptUITests;
				PRODUCT_NAME = "$(TARGET_NAME)";
				STRING_CATALOG_GENERATE_SYMBOLS = NO;
				SWIFT_APPROACHABLE_CONCURRENCY = YES;
				SWIFT_EMIT_LOC_STRINGS = NO;
				SWIFT_UPCOMING_FEATURE_MEMBER_IMPORT_VISIBILITY = YES;
				SWIFT_VERSION = 5.0;
				TEST_TARGET_NAME = myScript;
			};
			name = Debug;
		};
		E855F7DC2F412A0300A20A2C /* Release */ = {
			isa = XCBuildConfiguration;
			buildSettings = {
				CODE_SIGN_STYLE = Automatic;
				CURRENT_PROJECT_VERSION = 1;
				DEVELOPMENT_TEAM = 9QA9K4TQ94;
				GENERATE_INFOPLIST_FILE = YES;
				MARKETING_VERSION = 1.0;
				PRODUCT_BUNDLE_IDENTIFIER = com.kirillpav.myScriptUITests;
				PRODUCT_NAME = "$(TARGET_NAME)";
				STRING_CATALOG_GENERATE_SYMBOLS = NO;
				SWIFT_APPROACHABLE_CONCURRENCY = YES;
				SWIFT_EMIT_LOC_STRINGS = NO;
				SWIFT_UPCOMING_FEATURE_MEMBER_IMPORT_VISIBILITY = YES;
				SWIFT_VERSION = 5.0;
				TEST_TARGET_NAME = myScript;
			};
			name = Release;
		};
/* End XCBuildConfiguration section */

/* Begin XCConfigurationList section */
		E855F7AC2F412A0100A20A2C /* Build configuration list for PBXProject "myScript" */ = {
			isa = XCConfigurationList;
			buildConfigurations = (
				E855F7D22F412A0300A20A2C /* Debug */,
				E855F7D32F412A0300A20A2C /* Release */,
			);
			defaultConfigurationIsVisible = 0;
			defaultConfigurationName = Release;
		};
		E855F7D42F412A0300A20A2C /* Build configuration list for PBXNativeTarget "myScript" */ = {
			isa = XCConfigurationList;
			buildConfigurations = (
				E855F7D52F412A0300A20A2C /* Debug */,
				E855F7D62F412A0300A20A2C /* Release */,
			);
			defaultConfigurationIsVisible = 0;
			defaultConfigurationName = Release;
		};
		E855F7D72F412A0300A20A2C /* Build configuration list for PBXNativeTarget "myScriptTests" */ = {
			isa = XCConfigurationList;
			buildConfigurations = (
				E855F7D82F412A0300A20A2C /* Debug */,
				E855F7D92F412A0300A20A2C /* Release */,
			);
			defaultConfigurationIsVisible = 0;
			defaultConfigurationName = Release;
		};
		E855F7DA2F412A0300A20A2C /* Build configuration list for PBXNativeTarget "myScriptUITests" */ = {
			isa = XCConfigurationList;
			buildConfigurations = (
				E855F7DB2F412A0300A20A2C /* Debug */,
				E855F7DC2F412A0300A20A2C /* Release */,
			);
			defaultConfigurationIsVisible = 0;
			defaultConfigurationName = Release;
		};
/* End XCConfigurationList section */

/* Begin XCRemoteSwiftPackageReference section */
		E855F8C52F414F6300A20A2C /* XCRemoteSwiftPackageReference "executorch" */ = {
			isa = XCRemoteSwiftPackageReference;
			repositoryURL = "https://github.com/pytorch/executorch.git";
			requirement = {
				branch = "swiftpm-1.0.0";
				kind = branch;
			};
		};
/* End XCRemoteSwiftPackageReference section */

/* Begin XCSwiftPackageProductDependency section */
		E855F8C62F414F6300A20A2C /* backend_coreml */ = {
			isa = XCSwiftPackageProductDependency;
			package = E855F8C52F414F6300A20A2C /* XCRemoteSwiftPackageReference "executorch" */;
			productName = backend_coreml;
		};
		E855F8CA2F414F6300A20A2C /* backend_mps */ = {
			isa = XCSwiftPackageProductDependency;
			package = E855F8C52F414F6300A20A2C /* XCRemoteSwiftPackageReference "executorch" */;
			productName = backend_mps;
		};
		E855F8CE2F414F6300A20A2C /* backend_xnnpack */ = {
			isa = XCSwiftPackageProductDependency;
			package = E855F8C52F414F6300A20A2C /* XCRemoteSwiftPackageReference "executorch" */;
			productName = backend_xnnpack;
		};
		E855F8D22F414F6300A20A2C /* executorch */ = {
			isa = XCSwiftPackageProductDependency;
			package = E855F8C52F414F6300A20A2C /* XCRemoteSwiftPackageReference "executorch" */;
			productName = executorch;
		};
		E855F8D62F414F6300A20A2C /* executorch_llm */ = {
			isa = XCSwiftPackageProductDependency;
			package = E855F8C52F414F6300A20A2C /* XCRemoteSwiftPackageReference "executorch" */;
			productName = executorch_llm;
		};
		E855F8DA2F414F6300A20A2C /* kernels_llm */ = {
			isa = XCSwiftPackageProductDependency;
			package = E855F8C52F414F6300A20A2C /* XCRemoteSwiftPackageReference "executorch" */;
			productName = kernels_llm;
		};
		E855F8DE2F414F6300A20A2C /* kernels_optimized */ = {
			isa = XCSwiftPackageProductDependency;
			package = E855F8C52F414F6300A20A2C /* XCRemoteSwiftPackageReference "executorch" */;
			productName = kernels_optimized;
		};
		E855F8E22F414F6300A20A2C /* kernels_quantized */ = {
			isa = XCSwiftPackageProductDependency;
			package = E855F8C52F414F6300A20A2C /* XCRemoteSwiftPackageReference "executorch" */;
			productName = kernels_quantized;
		};
		E855F8E62F414F6300A20A2C /* kernels_torchao */ = {
			isa = XCSwiftPackageProductDependency;
			package = E855F8C52F414F6300A20A2C /* XCRemoteSwiftPackageReference "executorch" */;
			productName = kernels_torchao;
		};
/* End XCSwiftPackageProductDependency section */
	};
	rootObject = E855F7A92F412A0100A20A2C /* Project object */;
}
